
Microsoft Visual Studio Solution File, Format Version 12.00
# Visual Studio Version 17
VisualStudioVersion = 17.3.32901.215
MinimumVisualStudioVersion = 10.0.40219.1
Project("{FAE04EC0-301F-11D3-BF4B-00C04F79EFBC}") = "L11_SBLG_1104822", "L11_SBLG_1104822\L11_SBLG_1104822.csproj", "{C1A6B043-F46B-4C87-8EB5-7BC8B8ABEBE6}"
EndProject
Global
	GlobalSection(SolutionConfigurationPlatforms) = preSolution
		Debug|Any CPU = Debug|Any CPU
		Release|Any CPU = Release|Any CPU
	EndGlobalSection
	GlobalSection(ProjectConfigurationPlatforms) = postSolution
		{C1A6B043-F46B-4C87-8EB5-7BC8B8ABEBE6}.Debug|Any CPU.ActiveCfg = Debug|Any CPU
		{C1A6B043-F46B-4C87-8EB5-7BC8B8ABEBE6}.Debug|Any CPU.Build.0 = Debug|Any CPU
		{C1A6B043-F46B-4C87-8EB5-7BC8B8ABEBE6}.Release|Any CPU.ActiveCfg = Release|Any CPU
		{C1A6B043-F46B-4C87-8EB5-7BC8B8ABEBE6}.Release|Any CPU.Build.0 = Release|Any CPU
	EndGlobalSection
	GlobalSection(SolutionProperties) = preSolution
		HideSolutionNode = FALSE
	EndGlobalSection
	GlobalSection(ExtensibilityGlobals) = postSolution
		SolutionGuid = {30A85BC5-8703-42A7-8A7E-CAE539DC166A}
	EndGlobalSection
EndGlobal
